
Microsoft Visual Studio Solution File, Format Version 12.00
# Visual Studio Version 17
VisualStudioVersion = 17.0.31912.275
MinimumVisualStudioVersion = 10.0.40219.1
Project("{9A19103F-16F7-4668-BE54-9A1E7A4F7556}") = "BlazorBudget", "BlazorBudget\BlazorBudget.csproj", "{61E8B1A1-07CF-4CAE-9569-F9CBEE22EAD1}"
EndProject
Global
	GlobalSection(SolutionConfigurationPlatforms) = preSolution
		Debug|Any CPU = Debug|Any CPU
		Release|Any CPU = Release|Any CPU
	EndGlobalSection
	GlobalSection(ProjectConfigurationPlatforms) = postSolution
		{61E8B1A1-07CF-4CAE-9569-F9CBEE22EAD1}.Debug|Any CPU.ActiveCfg = Debug|Any CPU
		{61E8B1A1-07CF-4CAE-9569-F9CBEE22EAD1}.Debug|Any CPU.Build.0 = Debug|Any CPU
		{61E8B1A1-07CF-4CAE-9569-F9CBEE22EAD1}.Release|Any CPU.ActiveCfg = Release|Any CPU
		{61E8B1A1-07CF-4CAE-9569-F9CBEE22EAD1}.Release|Any CPU.Build.0 = Release|Any CPU
	EndGlobalSection
	GlobalSection(SolutionProperties) = preSolution
		HideSolutionNode = FALSE
	EndGlobalSection
	GlobalSection(ExtensibilityGlobals) = postSolution
		SolutionGuid = {756BCFDE-8B02-46E2-8F37-5074F590F7B0}
	EndGlobalSection
EndGlobal
